
Microsoft Visual Studio Solution File, Format Version 12.00
# Visual Studio Version 17
VisualStudioVersion = 17.0.31903.59
MinimumVisualStudioVersion = 10.0.40219.1
Project("{FAE04EC0-301F-11D3-BF4B-00C04F79EFBC}") = "FoodOptimizer.API", "FoodOptimizer.API\FoodOptimizer.API.csproj", "{B945B9FA-767A-4193-A725-6B8DE1DBBD93}"
EndProject
Project("{FAE04EC0-301F-11D3-BF4B-00C04F79EFBC}") = "FoodOptimizer.Domain", "FoodOptimizer.Domain\FoodOptimizer.Domain.csproj", "{D4D8D7C6-4320-45A6-8836-9978217C046B}"
EndProject
Project("{FAE04EC0-301F-11D3-BF4B-00C04F79EFBC}") = "FoodOptimizer.Application", "FoodOptimizer.Application\FoodOptimizer.Application.csproj", "{14F24000-6E67-4D16-9B07-FBD9F9860ED6}"
EndProject
Project("{FAE04EC0-301F-11D3-BF4B-00C04F79EFBC}") = "FoodOptimizer.Infrastructure", "FoodOptimizer.Infrastructure\FoodOptimizer.Infrastructure.csproj", "{8CCE3E7B-E190-4E12-BADD-E17171689D18}"
EndProject
Global
	GlobalSection(SolutionConfigurationPlatforms) = preSolution
		Debug|Any CPU = Debug|Any CPU
		Release|Any CPU = Release|Any CPU
	EndGlobalSection
	GlobalSection(SolutionProperties) = preSolution
		HideSolutionNode = FALSE
	EndGlobalSection
	GlobalSection(ProjectConfigurationPlatforms) = postSolution
		{B945B9FA-767A-4193-A725-6B8DE1DBBD93}.Debug|Any CPU.ActiveCfg = Debug|Any CPU
		{B945B9FA-767A-4193-A725-6B8DE1DBBD93}.Debug|Any CPU.Build.0 = Debug|Any CPU
		{B945B9FA-767A-4193-A725-6B8DE1DBBD93}.Release|Any CPU.ActiveCfg = Release|Any CPU
		{B945B9FA-767A-4193-A725-6B8DE1DBBD93}.Release|Any CPU.Build.0 = Release|Any CPU
		{D4D8D7C6-4320-45A6-8836-9978217C046B}.Debug|Any CPU.ActiveCfg = Debug|Any CPU
		{D4D8D7C6-4320-45A6-8836-9978217C046B}.Debug|Any CPU.Build.0 = Debug|Any CPU
		{D4D8D7C6-4320-45A6-8836-9978217C046B}.Release|Any CPU.ActiveCfg = Release|Any CPU
		{D4D8D7C6-4320-45A6-8836-9978217C046B}.Release|Any CPU.Build.0 = Release|Any CPU
		{14F24000-6E67-4D16-9B07-FBD9F9860ED6}.Debug|Any CPU.ActiveCfg = Debug|Any CPU
		{14F24000-6E67-4D16-9B07-FBD9F9860ED6}.Debug|Any CPU.Build.0 = Debug|Any CPU
		{14F24000-6E67-4D16-9B07-FBD9F9860ED6}.Release|Any CPU.ActiveCfg = Release|Any CPU
		{14F24000-6E67-4D16-9B07-FBD9F9860ED6}.Release|Any CPU.Build.0 = Release|Any CPU
		{8CCE3E7B-E190-4E12-BADD-E17171689D18}.Debug|Any CPU.ActiveCfg = Debug|Any CPU
		{8CCE3E7B-E190-4E12-BADD-E17171689D18}.Debug|Any CPU.Build.0 = Debug|Any CPU
		{8CCE3E7B-E190-4E12-BADD-E17171689D18}.Release|Any CPU.ActiveCfg = Release|Any CPU
		{8CCE3E7B-E190-4E12-BADD-E17171689D18}.Release|Any CPU.Build.0 = Release|Any CPU
	EndGlobalSection
EndGlobal
